
Microsoft Visual Studio Solution File, Format Version 9.00
# Visual Studio 2005
Project("{8BC9CEB8-8B4A-11D0-8D11-00A0C91BC942}") = "DebugFunctionLib_ce", "DebugFunctionLib_ce.vcproj", "{0AE80DC2-06E4-4B77-A153-06C5D8143CC6}"
EndProject
Global
	GlobalSection(SolutionConfigurationPlatforms) = preSolution
		Debug|91280tmc (ARMV4I) = Debug|91280tmc (ARMV4I)
		Debug|E91128N (ARMV4I) = Debug|E91128N (ARMV4I)
		Debug|Pocket PC 2003 (ARMV4) = Debug|Pocket PC 2003 (ARMV4)
		Debug|Smartphone 2003 (ARMV4) = Debug|Smartphone 2003 (ARMV4)
		Debug|STANDARDSDK_500 (ARMV4I) = Debug|STANDARDSDK_500 (ARMV4I)
		Debug|STANDARDSDK_500 (MIPSII) = Debug|STANDARDSDK_500 (MIPSII)
		Debug|STANDARDSDK_500 (MIPSII_FP) = Debug|STANDARDSDK_500 (MIPSII_FP)
		Debug|STANDARDSDK_500 (MIPSIV) = Debug|STANDARDSDK_500 (MIPSIV)
		Debug|STANDARDSDK_500 (MIPSIV_FP) = Debug|STANDARDSDK_500 (MIPSIV_FP)
		Debug|STANDARDSDK_500 (SH4) = Debug|STANDARDSDK_500 (SH4)
		Debug|STANDARDSDK_500 (x86) = Debug|STANDARDSDK_500 (x86)
		Debug|Windows Mobile 5.0 Pocket PC SDK (ARMV4I) = Debug|Windows Mobile 5.0 Pocket PC SDK (ARMV4I)
		Release|91280tmc (ARMV4I) = Release|91280tmc (ARMV4I)
		Release|E91128N (ARMV4I) = Release|E91128N (ARMV4I)
		Release|Pocket PC 2003 (ARMV4) = Release|Pocket PC 2003 (ARMV4)
		Release|Smartphone 2003 (ARMV4) = Release|Smartphone 2003 (ARMV4)
		Release|STANDARDSDK_500 (ARMV4I) = Release|STANDARDSDK_500 (ARMV4I)
		Release|STANDARDSDK_500 (MIPSII) = Release|STANDARDSDK_500 (MIPSII)
		Release|STANDARDSDK_500 (MIPSII_FP) = Release|STANDARDSDK_500 (MIPSII_FP)
		Release|STANDARDSDK_500 (MIPSIV) = Release|STANDARDSDK_500 (MIPSIV)
		Release|STANDARDSDK_500 (MIPSIV_FP) = Release|STANDARDSDK_500 (MIPSIV_FP)
		Release|STANDARDSDK_500 (SH4) = Release|STANDARDSDK_500 (SH4)
		Release|STANDARDSDK_500 (x86) = Release|STANDARDSDK_500 (x86)
		Release|Windows Mobile 5.0 Pocket PC SDK (ARMV4I) = Release|Windows Mobile 5.0 Pocket PC SDK (ARMV4I)
	EndGlobalSection
	GlobalSection(ProjectConfigurationPlatforms) = postSolution
		{0AE80DC2-06E4-4B77-A153-06C5D8143CC6}.Debug|91280tmc (ARMV4I).ActiveCfg = Debug|91280tmc (ARMV4I)
		{0AE80DC2-06E4-4B77-A153-06C5D8143CC6}.Debug|91280tmc (ARMV4I).Build.0 = Debug|91280tmc (ARMV4I)
		{0AE80DC2-06E4-4B77-A153-06C5D8143CC6}.Debug|91280tmc (ARMV4I).Deploy.0 = Debug|91280tmc (ARMV4I)
		{0AE80DC2-06E4-4B77-A153-06C5D8143CC6}.Debug|E91128N (ARMV4I).ActiveCfg = Debug|E91128N (ARMV4I)
		{0AE80DC2-06E4-4B77-A153-06C5D8143CC6}.Debug|E91128N (ARMV4I).Build.0 = Debug|E91128N (ARMV4I)
		{0AE80DC2-06E4-4B77-A153-06C5D8143CC6}.Debug|E91128N (ARMV4I).Deploy.0 = Debug|E91128N (ARMV4I)
		{0AE80DC2-06E4-4B77-A153-06C5D8143CC6}.Debug|Pocket PC 2003 (ARMV4).ActiveCfg = Debug|Pocket PC 2003 (ARMV4)
		{0AE80DC2-06E4-4B77-A153-06C5D8143CC6}.Debug|Pocket PC 2003 (ARMV4).Build.0 = Debug|Pocket PC 2003 (ARMV4)
		{0AE80DC2-06E4-4B77-A153-06C5D8143CC6}.Debug|Pocket PC 2003 (ARMV4).Deploy.0 = Debug|Pocket PC 2003 (ARMV4)
		{0AE80DC2-06E4-4B77-A153-06C5D8143CC6}.Debug|Smartphone 2003 (ARMV4).ActiveCfg = Debug|Smartphone 2003 (ARMV4)
		{0AE80DC2-06E4-4B77-A153-06C5D8143CC6}.Debug|Smartphone 2003 (ARMV4).Build.0 = Debug|Smartphone 2003 (ARMV4)
		{0AE80DC2-06E4-4B77-A153-06C5D8143CC6}.Debug|Smartphone 2003 (ARMV4).Deploy.0 = Debug|Smartphone 2003 (ARMV4)
		{0AE80DC2-06E4-4B77-A153-06C5D8143CC6}.Debug|STANDARDSDK_500 (ARMV4I).ActiveCfg = Debug|STANDARDSDK_500 (ARMV4I)
		{0AE80DC2-06E4-4B77-A153-06C5D8143CC6}.Debug|STANDARDSDK_500 (ARMV4I).Build.0 = Debug|STANDARDSDK_500 (ARMV4I)
		{0AE80DC2-06E4-4B77-A153-06C5D8143CC6}.Debug|STANDARDSDK_500 (ARMV4I).Deploy.0 = Debug|STANDARDSDK_500 (ARMV4I)
		{0AE80DC2-06E4-4B77-A153-06C5D8143CC6}.Debug|STANDARDSDK_500 (MIPSII).ActiveCfg = Debug|STANDARDSDK_500 (MIPSII)
		{0AE80DC2-06E4-4B77-A153-06C5D8143CC6}.Debug|STANDARDSDK_500 (MIPSII).Build.0 = Debug|STANDARDSDK_500 (MIPSII)
		{0AE80DC2-06E4-4B77-A153-06C5D8143CC6}.Debug|STANDARDSDK_500 (MIPSII).Deploy.0 = Debug|STANDARDSDK_500 (MIPSII)
		{0AE80DC2-06E4-4B77-A153-06C5D8143CC6}.Debug|STANDARDSDK_500 (MIPSII_FP).ActiveCfg = Debug|STANDARDSDK_500 (MIPSII_FP)
		{0AE80DC2-06E4-4B77-A153-06C5D8143CC6}.Debug|STANDARDSDK_500 (MIPSII_FP).Build.0 = Debug|STANDARDSDK_500 (MIPSII_FP)
		{0AE80DC2-06E4-4B77-A153-06C5D8143CC6}.Debug|STANDARDSDK_500 (MIPSII_FP).Deploy.0 = Debug|STANDARDSDK_500 (MIPSII_FP)
		{0AE80DC2-06E4-4B77-A153-06C5D8143CC6}.Debug|STANDARDSDK_500 (MIPSIV).ActiveCfg = Debug|STANDARDSDK_500 (MIPSIV)
		{0AE80DC2-06E4-4B77-A153-06C5D8143CC6}.Debug|STANDARDSDK_500 (MIPSIV).Build.0 = Debug|STANDARDSDK_500 (MIPSIV)
		{0AE80DC2-06E4-4B77-A153-06C5D8143CC6}.Debug|STANDARDSDK_500 (MIPSIV).Deploy.0 = Debug|STANDARDSDK_500 (MIPSIV)
		{0AE80DC2-06E4-4B77-A153-06C5D8143CC6}.Debug|STANDARDSDK_500 (MIPSIV_FP).ActiveCfg = Debug|STANDARDSDK_500 (MIPSIV_FP)
		{0AE80DC2-06E4-4B77-A153-06C5D8143CC6}.Debug|STANDARDSDK_500 (MIPSIV_FP).Build.0 = Debug|STANDARDSDK_500 (MIPSIV_FP)
		{0AE80DC2-06E4-4B77-A153-06C5D8143CC6}.Debug|STANDARDSDK_500 (MIPSIV_FP).Deploy.0 = Debug|STANDARDSDK_500 (MIPSIV_FP)
		{0AE80DC2-06E4-4B77-A153-06C5D8143CC6}.Debug|STANDARDSDK_500 (SH4).ActiveCfg = Debug|STANDARDSDK_500 (SH4)
		{0AE80DC2-06E4-4B77-A153-06C5D8143CC6}.Debug|STANDARDSDK_500 (SH4).Build.0 = Debug|STANDARDSDK_500 (SH4)
		{0AE80DC2-06E4-4B77-A153-06C5D8143CC6}.Debug|STANDARDSDK_500 (SH4).Deploy.0 = Debug|STANDARDSDK_500 (SH4)
		{0AE80DC2-06E4-4B77-A153-06C5D8143CC6}.Debug|STANDARDSDK_500 (x86).ActiveCfg = Debug|STANDARDSDK_500 (x86)
		{0AE80DC2-06E4-4B77-A153-06C5D8143CC6}.Debug|STANDARDSDK_500 (x86).Build.0 = Debug|STANDARDSDK_500 (x86)
		{0AE80DC2-06E4-4B77-A153-06C5D8143CC6}.Debug|STANDARDSDK_500 (x86).Deploy.0 = Debug|STANDARDSDK_500 (x86)
		{0AE80DC2-06E4-4B77-A153-06C5D8143CC6}.Debug|Windows Mobile 5.0 Pocket PC SDK (ARMV4I).ActiveCfg = Debug|Windows Mobile 5.0 Pocket PC SDK (ARMV4I)
		{0AE80DC2-06E4-4B77-A153-06C5D8143CC6}.Debug|Windows Mobile 5.0 Pocket PC SDK (ARMV4I).Build.0 = Debug|Windows Mobile 5.0 Pocket PC SDK (ARMV4I)
		{0AE80DC2-06E4-4B77-A153-06C5D8143CC6}.Debug|Windows Mobile 5.0 Pocket PC SDK (ARMV4I).Deploy.0 = Debug|Windows Mobile 5.0 Pocket PC SDK (ARMV4I)
		{0AE80DC2-06E4-4B77-A153-06C5D8143CC6}.Release|91280tmc (ARMV4I).ActiveCfg = Release|91280tmc (ARMV4I)
		{0AE80DC2-06E4-4B77-A153-06C5D8143CC6}.Release|91280tmc (ARMV4I).Build.0 = Release|91280tmc (ARMV4I)
		{0AE80DC2-06E4-4B77-A153-06C5D8143CC6}.Release|91280tmc (ARMV4I).Deploy.0 = Release|91280tmc (ARMV4I)
		{0AE80DC2-06E4-4B77-A153-06C5D8143CC6}.Release|E91128N (ARMV4I).ActiveCfg = Release|E91128N (ARMV4I)
		{0AE80DC2-06E4-4B77-A153-06C5D8143CC6}.Release|E91128N (ARMV4I).Build.0 = Release|E91128N (ARMV4I)
		{0AE80DC2-06E4-4B77-A153-06C5D8143CC6}.Release|E91128N (ARMV4I).Deploy.0 = Release|E91128N (ARMV4I)
		{0AE80DC2-06E4-4B77-A153-06C5D8143CC6}.Release|Pocket PC 2003 (ARMV4).ActiveCfg = Release|Pocket PC 2003 (ARMV4)
		{0AE80DC2-06E4-4B77-A153-06C5D8143CC6}.Release|Pocket PC 2003 (ARMV4).Build.0 = Release|Pocket PC 2003 (ARMV4)
		{0AE80DC2-06E4-4B77-A153-06C5D8143CC6}.Release|Pocket PC 2003 (ARMV4).Deploy.0 = Release|Pocket PC 2003 (ARMV4)
		{0AE80DC2-06E4-4B77-A153-06C5D8143CC6}.Release|Smartphone 2003 (ARMV4).ActiveCfg = Release|Smartphone 2003 (ARMV4)
		{0AE80DC2-06E4-4B77-A153-06C5D8143CC6}.Release|Smartphone 2003 (ARMV4).Build.0 = Release|Smartphone 2003 (ARMV4)
		{0AE80DC2-06E4-4B77-A153-06C5D8143CC6}.Release|Smartphone 2003 (ARMV4).Deploy.0 = Release|Smartphone 2003 (ARMV4)
		{0AE80DC2-06E4-4B77-A153-06C5D8143CC6}.Release|STANDARDSDK_500 (ARMV4I).ActiveCfg = Release|STANDARDSDK_500 (ARMV4I)
		{0AE80DC2-06E4-4B77-A153-06C5D8143CC6}.Release|STANDARDSDK_500 (ARMV4I).Build.0 = Release|STANDARDSDK_500 (ARMV4I)
		{0AE80DC2-06E4-4B77-A153-06C5D8143CC6}.Release|STANDARDSDK_500 (ARMV4I).Deploy.0 = Release|STANDARDSDK_500 (ARMV4I)
		{0AE80DC2-06E4-4B77-A153-06C5D8143CC6}.Release|STANDARDSDK_500 (MIPSII).ActiveCfg = Release|STANDARDSDK_500 (MIPSII)
		{0AE80DC2-06E4-4B77-A153-06C5D8143CC6}.Release|STANDARDSDK_500 (MIPSII).Build.0 = Release|STANDARDSDK_500 (MIPSII)
		{0AE80DC2-06E4-4B77-A153-06C5D8143CC6}.Release|STANDARDSDK_500 (MIPSII).Deploy.0 = Release|STANDARDSDK_500 (MIPSII)
		{0AE80DC2-06E4-4B77-A153-06C5D8143CC6}.Release|STANDARDSDK_500 (MIPSII_FP).ActiveCfg = Release|STANDARDSDK_500 (MIPSII_FP)
		{0AE80DC2-06E4-4B77-A153-06C5D8143CC6}.Release|STANDARDSDK_500 (MIPSII_FP).Build.0 = Release|STANDARDSDK_500 (MIPSII_FP)
		{0AE80DC2-06E4-4B77-A153-06C5D8143CC6}.Release|STANDARDSDK_500 (MIPSII_FP).Deploy.0 = Release|STANDARDSDK_500 (MIPSII_FP)
		{0AE80DC2-06E4-4B77-A153-06C5D8143CC6}.Release|STANDARDSDK_500 (MIPSIV).ActiveCfg = Release|STANDARDSDK_500 (MIPSIV)
		{0AE80DC2-06E4-4B77-A153-06C5D8143CC6}.Release|STANDARDSDK_500 (MIPSIV).Build.0 = Release|STANDARDSDK_500 (MIPSIV)
		{0AE80DC2-06E4-4B77-A153-06C5D8143CC6}.Release|STANDARDSDK_500 (MIPSIV).Deploy.0 = Release|STANDARDSDK_500 (MIPSIV)
		{0AE80DC2-06E4-4B77-A153-06C5D8143CC6}.Release|STANDARDSDK_500 (MIPSIV_FP).ActiveCfg = Release|STANDARDSDK_500 (MIPSIV_FP)
		{0AE80DC2-06E4-4B77-A153-06C5D8143CC6}.Release|STANDARDSDK_500 (MIPSIV_FP).Build.0 = Release|STANDARDSDK_500 (MIPSIV_FP)
		{0AE80DC2-06E4-4B77-A153-06C5D8143CC6}.Release|STANDARDSDK_500 (MIPSIV_FP).Deploy.0 = Release|STANDARDSDK_500 (MIPSIV_FP)
		{0AE80DC2-06E4-4B77-A153-06C5D8143CC6}.Release|STANDARDSDK_500 (SH4).ActiveCfg = Release|STANDARDSDK_500 (SH4)
		{0AE80DC2-06E4-4B77-A153-06C5D8143CC6}.Release|STANDARDSDK_500 (SH4).Build.0 = Release|STANDARDSDK_500 (SH4)
		{0AE80DC2-06E4-4B77-A153-06C5D8143CC6}.Release|STANDARDSDK_500 (SH4).Deploy.0 = Release|STANDARDSDK_500 (SH4)
		{0AE80DC2-06E4-4B77-A153-06C5D8143CC6}.Release|STANDARDSDK_500 (x86).ActiveCfg = Release|STANDARDSDK_500 (x86)
		{0AE80DC2-06E4-4B77-A153-06C5D8143CC6}.Release|STANDARDSDK_500 (x86).Build.0 = Release|STANDARDSDK_500 (x86)
		{0AE80DC2-06E4-4B77-A153-06C5D8143CC6}.Release|STANDARDSDK_500 (x86).Deploy.0 = Release|STANDARDSDK_500 (x86)
		{0AE80DC2-06E4-4B77-A153-06C5D8143CC6}.Release|Windows Mobile 5.0 Pocket PC SDK (ARMV4I).ActiveCfg = Release|Windows Mobile 5.0 Pocket PC SDK (ARMV4I)
		{0AE80DC2-06E4-4B77-A153-06C5D8143CC6}.Release|Windows Mobile 5.0 Pocket PC SDK (ARMV4I).Build.0 = Release|Windows Mobile 5.0 Pocket PC SDK (ARMV4I)
		{0AE80DC2-06E4-4B77-A153-06C5D8143CC6}.Release|Windows Mobile 5.0 Pocket PC SDK (ARMV4I).Deploy.0 = Release|Windows Mobile 5.0 Pocket PC SDK (ARMV4I)
	EndGlobalSection
	GlobalSection(SolutionProperties) = preSolution
		HideSolutionNode = FALSE
	EndGlobalSection
EndGlobal
